{
  "name": "image-border",
  "version": "1.0.0",
  "lockfileVersion": 3,
  "requires": true,
  "packages": {
    "": {
      "name": "image-border",
      "version": "1.0.0",
      "license": "ISC",
      "dependencies": {
        "axios": "^0.24.0",
        "cheerio": "^1.0.0-rc.10",
        "filenamify": "^5.0.2",
        "image-size": "^1.0.1",
        "sharp": "^0.29.3",
        "url": "^0.11.0"
      },
      "bin": {
        "image-border": "index.js"
      }
    },
    "node_modules/ansi-regex": {
      "version": "2.1.1",
      "resolved": "https://registry.nlark.com/ansi-regex/download/ansi-regex-2.1.1.tgz?cache=0&sync_timestamp=1631634988487&other_urls=https%3A%2F%2Fregistry.nlark.com%2Fansi-regex%2Fdownload%2Fansi-regex-2.1.1.tgz",
      "integrity": "sha1-w7M6te42DYbg5ijwRorn7yfWVN8=",
      "license": "MIT",
      "engines": {
        "node": ">=0.10.0"
      }
    },
    "node_modules/aproba": {
      "version": "1.2.0",
      "resolved": "https://registry.npm.taobao.org/aproba/download/aproba-1.2.0.tgz",
      "integrity": "sha1-aALmJk79GMeQobDVF/DyYnvyyUo=",
      "license": "ISC"
    },
    "node_modules/are-we-there-yet": {
      "version": "1.1.7",
      "resolved": "https://registry.nlark.com/are-we-there-yet/download/are-we-there-yet-1.1.7.tgz",
      "integrity": "sha1-sVR0qTKtq0/4pQ2a36fk6SbyEUY=",
      "license": "ISC",
      "dependencies": {
        "delegates": "^1.0.0",
        "readable-stream": "^2.0.6"
      }
    },
    "node_modules/axios": {
      "version": "0.24.0",
      "resolved": "https://registry.npmmirror.com/axios/download/axios-0.24.0.tgz",
      "integrity": "sha512-Q6cWsys88HoPgAaFAVUb0WpPk0O8iTeisR9IMqy9G8AbO4NlpVknrnQS03zzF9PGAWgO3cgletO3VjV/P7VztA==",
      "license": "MIT",
      "dependencies": {
        "follow-redirects": "^1.14.4"
      }
    },
    "node_modules/base64-js": {
      "version": "1.5.1",
      "resolved": "https://registry.npm.taobao.org/base64-js/download/base64-js-1.5.1.tgz?cache=0&sync_timestamp=1605123440207&other_urls=https%3A%2F%2Fregistry.npm.taobao.org%2Fbase64-js%2Fdownload%2Fbase64-js-1.5.1.tgz",
      "integrity": "sha1-GxtEAWClv3rUC2UPCVljSBkDkwo=",
      "funding": [
        {
          "type": "github",
          "url": "https://github.com/sponsors/feross"
        },
        {
          "type": "patreon",
          "url": "https://www.patreon.com/feross"
        },
        {
          "type": "consulting",
          "url": "https://feross.org/support"
        }
      ],
      "license": "MIT"
    },
    "node_modules/bl": {
      "version": "4.1.0",
      "resolved": "https://registry.npm.taobao.org/bl/download/bl-4.1.0.tgz?cache=0&sync_timestamp=1617381897308&other_urls=https%3A%2F%2Fregistry.npm.taobao.org%2Fbl%2Fdownload%2Fbl-4.1.0.tgz",
      "integrity": "sha1-RRU1JkGCvsL7vIOmKrmM8R2fezo=",
      "license": "MIT",
      "dependencies": {
        "buffer": "^5.5.0",
        "inherits": "^2.0.4",
        "readable-stream": "^3.4.0"
      }
    },
    "node_modules/bl/node_modules/readable-stream": {
      "version": "3.6.0",
      "resolved": "https://registry.npm.taobao.org/readable-stream/download/readable-stream-3.6.0.tgz",
      "integrity": "sha1-M3u9o63AcGvT4CRCaihtS0sskZg=",
      "license": "MIT",
      "dependencies": {
        "inherits": "^2.0.3",
        "string_decoder": "^1.1.1",
        "util-deprecate": "^1.0.1"
      },
      "engines": {
        "node": ">= 6"
      }
    },
    "node_modules/boolbase": {
      "version": "1.0.0",
      "resolved": "https://registry.npm.taobao.org/boolbase/download/boolbase-1.0.0.tgz",
      "integrity": "sha1-aN/1++YMUes3cl6p4+0xDcwed24=",
      "license": "ISC"
    },
    "node_modules/buffer": {
      "version": "5.7.1",
      "resolved": "https://registry.npmmirror.com/buffer/download/buffer-5.7.1.tgz",
      "integrity": "sha512-EHcyIPBQ4BSGlvjB16k5KgAJ27CIsHY/2JBmCRReo48y9rQ3MaUzWX3KVlBa4U7MyX02HdVj0K7C3WaB3ju7FQ==",
      "funding": [
        {
          "type": "github",
          "url": "https://github.com/sponsors/feross"
        },
        {
          "type": "patreon",
          "url": "https://www.patreon.com/feross"
        },
        {
          "type": "consulting",
          "url": "https://feross.org/support"
        }
      ],
      "license": "MIT",
      "dependencies": {
        "base64-js": "^1.3.1",
        "ieee754": "^1.1.13"
      }
    },
    "node_modules/cheerio": {
      "version": "1.0.0-rc.10",
      "resolved": "https://registry.npmmirror.com/cheerio/download/cheerio-1.0.0-rc.10.tgz",
      "integrity": "sha512-g0J0q/O6mW8z5zxQ3A8E8J1hUgp4SMOvEoW/x84OwyHKe/Zccz83PVT4y5Crcr530FV6NgmKI1qvGTKVl9XXVw==",
      "license": "MIT",
      "dependencies": {
        "cheerio-select": "^1.5.0",
        "dom-serializer": "^1.3.2",
        "domhandler": "^4.2.0",
        "htmlparser2": "^6.1.0",
        "parse5": "^6.0.1",
        "parse5-htmlparser2-tree-adapter": "^6.0.1",
        "tslib": "^2.2.0"
      },
      "engines": {
        "node": ">= 6"
      },
      "funding": {
        "url": "https://github.com/cheeriojs/cheerio?sponsor=1"
      }
    },
    "node_modules/cheerio-select": {
      "version": "1.5.0",
      "resolved": "https://registry.nlark.com/cheerio-select/download/cheerio-select-1.5.0.tgz",
      "integrity": "sha1-+vPa6zGxfF4anavO4oiq+Kr6WCM=",
      "license": "BSD-2-Clause",
      "dependencies": {
        "css-select": "^4.1.3",
        "css-what": "^5.0.1",
        "domelementtype": "^2.2.0",
        "domhandler": "^4.2.0",
        "domutils": "^2.7.0"
      },
      "funding": {
        "url": "https://github.com/sponsors/fb55"
      }
    },
    "node_modules/chownr": {
      "version": "1.1.4",
      "resolved": "https://registry.npmmirror.com/chownr/download/chownr-1.1.4.tgz",
      "integrity": "sha1-b8nXtC0ypYNZYzdmbn0ICE2izGs=",
      "license": "ISC"
    },
    "node_modules/code-point-at": {
      "version": "1.1.0",
      "resolved": "https://registry.npmmirror.com/code-point-at/download/code-point-at-1.1.0.tgz",
      "integrity": "sha1-DQcLTQQ6W+ozovGkDi7bPZpMz3c=",
      "license": "MIT",
      "engines": {
        "node": ">=0.10.0"
      }
    },
    "node_modules/color": {
      "version": "4.2.0",
      "resolved": "https://registry.npmmirror.com/color/download/color-4.2.0.tgz",
      "integrity": "sha512-hHTcrbvEnGjC7WBMk6ibQWFVDgEFTVmjrz2Q5HlU6ltwxv0JJN2Z8I7uRbWeQLF04dikxs8zgyZkazRJvSMtyQ==",
      "license": "MIT",
      "dependencies": {
        "color-convert": "^2.0.1",
        "color-string": "^1.9.0"
      }
    },
    "node_modules/color-convert": {
      "version": "2.0.1",
      "resolved": "https://registry.npmmirror.com/color-convert/download/color-convert-2.0.1.tgz",
      "integrity": "sha1-ctOmjVmMm9s68q0ehPIdiWq9TeM=",
      "license": "MIT",
      "dependencies": {
        "color-name": "~1.1.4"
      },
      "engines": {
        "node": ">=7.0.0"
      }
    },
    "node_modules/color-name": {
      "version": "1.1.4",
      "resolved": "https://registry.npm.taobao.org/color-name/download/color-name-1.1.4.tgz",
      "integrity": "sha1-wqCah6y95pVD3m9j+jmVyCbFNqI=",
      "license": "MIT"
    },
    "node_modules/color-string": {
      "version": "1.9.0",
      "resolved": "https://registry.npmmirror.com/color-string/download/color-string-1.9.0.tgz",
      "integrity": "sha512-9Mrz2AQLefkH1UvASKj6v6hj/7eWgjnT/cVsR8CumieLoT+g900exWeNogqtweI8dxloXN9BDQTYro1oWu/5CQ==",
      "license": "MIT",
      "dependencies": {
        "color-name": "^1.0.0",
        "simple-swizzle": "^0.2.2"
      }
    },
    "node_modules/console-control-strings": {
      "version": "1.1.0",
      "resolved": "https://registry.npm.taobao.org/console-control-strings/download/console-control-strings-1.1.0.tgz",
      "integrity": "sha1-PXz0Rk22RG6mRL9LOVB/mFEAjo4=",
      "license": "ISC"
    },
    "node_modules/core-util-is": {
      "version": "1.0.3",
      "resolved": "https://registry.nlark.com/core-util-is/download/core-util-is-1.0.3.tgz",
      "integrity": "sha1-pgQtNjTCsn6TKPg3uWX6yDgI24U=",
      "license": "MIT"
    },
    "node_modules/css-select": {
      "version": "4.2.1",
      "resolved": "https://registry.npmmirror.com/css-select/download/css-select-4.2.1.tgz",
      "integrity": "sha512-/aUslKhzkTNCQUB2qTX84lVmfia9NyjP3WpDGtj/WxhwBzWBYUV3DgUpurHTme8UTPcPlAD1DJ+b0nN/t50zDQ==",
      "license": "BSD-2-Clause",
      "dependencies": {
        "boolbase": "^1.0.0",
        "css-what": "^5.1.0",
        "domhandler": "^4.3.0",
        "domutils": "^2.8.0",
        "nth-check": "^2.0.1"
      },
      "funding": {
        "url": "https://github.com/sponsors/fb55"
      }
    },
    "node_modules/css-what": {
      "version": "5.1.0",
      "resolved": "https://registry.npmmirror.com/css-what/download/css-what-5.1.0.tgz",
      "integrity": "sha1-P3tweq32M7r2LCzrhXm1RbtA9/4=",
      "license": "BSD-2-Clause",
      "engines": {
        "node": ">= 6"
      },
      "funding": {
        "url": "https://github.com/sponsors/fb55"
      }
    },
    "node_modules/decompress-response": {
      "version": "6.0.0",
      "resolved": "https://registry.npmmirror.com/decompress-response/download/decompress-response-6.0.0.tgz",
      "integrity": "sha1-yjh2Et234QS9FthaqwDV7PCcZvw=",
      "license": "MIT",
      "dependencies": {
        "mimic-response": "^3.1.0"
      },
      "engines": {
        "node": ">=10"
      },
      "funding": {
        "url": "https://github.com/sponsors/sindresorhus"
      }
    },
    "node_modules/deep-extend": {
      "version": "0.6.0",
      "resolved": "https://registry.npm.taobao.org/deep-extend/download/deep-extend-0.6.0.tgz",
      "integrity": "sha1-xPp8lUBKF6nD6Mp+FTcxK3NjMKw=",
      "license": "MIT",
      "engines": {
        "node": ">=4.0.0"
      }
    },
    "node_modules/delegates": {
      "version": "1.0.0",
      "resolved": "https://registry.npm.taobao.org/delegates/download/delegates-1.0.0.tgz",
      "integrity": "sha1-hMbhWbgZBP3KWaDvRM2HDTElD5o=",
      "license": "MIT"
    },
    "node_modules/detect-libc": {
      "version": "1.0.3",
      "resolved": "https://registry.npm.taobao.org/detect-libc/download/detect-libc-1.0.3.tgz",
      "integrity": "sha1-+hN8S9aY7fVc1c0CrFWfkaTEups=",
      "license": "Apache-2.0",
      "bin": {
        "detect-libc": "bin/detect-libc.js"
      },
      "engines": {
        "node": ">=0.10"
      }
    },
    "node_modules/dom-serializer": {
      "version": "1.3.2",
      "resolved": "https://registry.nlark.com/dom-serializer/download/dom-serializer-1.3.2.tgz?cache=0&sync_timestamp=1621256830355&other_urls=https%3A%2F%2Fregistry.nlark.com%2Fdom-serializer%2Fdownload%2Fdom-serializer-1.3.2.tgz",
      "integrity": "sha1-YgZDfTLO767HFhgDIwx6ILwbTZE=",
      "license": "MIT",
      "dependencies": {
        "domelementtype": "^2.0.1",
        "domhandler": "^4.2.0",
        "entities": "^2.0.0"
      },
      "funding": {
        "url": "https://github.com/cheeriojs/dom-serializer?sponsor=1"
      }
    },
    "node_modules/domelementtype": {
      "version": "2.2.0",
      "resolved": "https://registry.npm.taobao.org/domelementtype/download/domelementtype-2.2.0.tgz?cache=0&sync_timestamp=1617298554829&other_urls=https%3A%2F%2Fregistry.npm.taobao.org%2Fdomelementtype%2Fdownload%2Fdomelementtype-2.2.0.tgz",
      "integrity": "sha1-mgtsJ4LtahxzI9QiZxg9+b2LHVc=",
      "funding": [
        {
          "type": "github",
          "url": "https://github.com/sponsors/fb55"
        }
      ],
      "license": "BSD-2-Clause"
    },
    "node_modules/domhandler": {
      "version": "4.3.0",
      "resolved": "https://registry.npmmirror.com/domhandler/download/domhandler-4.3.0.tgz",
      "integrity": "sha512-fC0aXNQXqKSFTr2wDNZDhsEYjCiYsDWl3D01kwt25hm1YIPyDGHvvi3rw+PLqHAl/m71MaiF7d5zvBr0p5UB2g==",
      "license": "BSD-2-Clause",
      "dependencies": {
        "domelementtype": "^2.2.0"
      },
      "engines": {
        "node": ">= 4"
      },
      "funding": {
        "url": "https://github.com/fb55/domhandler?sponsor=1"
      }
    },
    "node_modules/domutils": {
      "version": "2.8.0",
      "resolved": "https://registry.npmmirror.com/domutils/download/domutils-2.8.0.tgz",
      "integrity": "sha1-RDfe9dtuLR9dbuhZvZXKfQIEgTU=",
      "license": "BSD-2-Clause",
      "dependencies": {
        "dom-serializer": "^1.0.1",
        "domelementtype": "^2.2.0",
        "domhandler": "^4.2.0"
      },
      "funding": {
        "url": "https://github.com/fb55/domutils?sponsor=1"
      }
    },
    "node_modules/end-of-stream": {
      "version": "1.4.4",
      "resolved": "https://registry.npm.taobao.org/end-of-stream/download/end-of-stream-1.4.4.tgz",
      "integrity": "sha1-WuZKX0UFe682JuwU2gyl5LJDHrA=",
      "license": "MIT",
      "dependencies": {
        "once": "^1.4.0"
      }
    },
    "node_modules/entities": {
      "version": "2.2.0",
      "resolved": "https://registry.nlark.com/entities/download/entities-2.2.0.tgz?cache=0&sync_timestamp=1628508126700&other_urls=https%3A%2F%2Fregistry.nlark.com%2Fentities%2Fdownload%2Fentities-2.2.0.tgz",
      "integrity": "sha1-CY3JDruD2N/6CJ1VJWs1HTTE2lU=",
      "license": "BSD-2-Clause",
      "funding": {
        "url": "https://github.com/fb55/entities?sponsor=1"
      }
    },
    "node_modules/escape-string-regexp": {
      "version": "5.0.0",
      "resolved": "https://registry.npm.taobao.org/escape-string-regexp/download/escape-string-regexp-5.0.0.tgz",
      "integrity": "sha1-RoMSa1ALYXYvLb66zhgG6L4xscg=",
      "license": "MIT",
      "engines": {
        "node": ">=12"
      },
      "funding": {
        "url": "https://github.com/sponsors/sindresorhus"
      }
    },
    "node_modules/expand-template": {
      "version": "2.0.3",
      "resolved": "https://registry.npm.taobao.org/expand-template/download/expand-template-2.0.3.tgz",
      "integrity": "sha1-bhSz/O4POmNA7LV9LokYaSBSpHw=",
      "license": "(MIT OR WTFPL)",
      "engines": {
        "node": ">=6"
      }
    },
    "node_modules/filename-reserved-regex": {
      "version": "3.0.0",
      "resolved": "https://registry.nlark.com/filename-reserved-regex/download/filename-reserved-regex-3.0.0.tgz",
      "integrity": "sha1-PV3W1OLXOj/tLrxM0LNEiGmggfc=",
      "license": "MIT",
      "engines": {
        "node": "^12.20.0 || ^14.13.1 || >=16.0.0"
      },
      "funding": {
        "url": "https://github.com/sponsors/sindresorhus"
      }
    },
    "node_modules/filenamify": {
      "version": "5.1.0",
      "resolved": "https://registry.npmmirror.com/filenamify/download/filenamify-5.1.0.tgz",
      "integrity": "sha512-mVnYQYkNJZhzeb3SgXlQX6lY6KIrpMejfNw+DYwsIfi4DgenT8g6pA7xb68zOHjcXEzBSq3Ukwp6Dsin6O34Uw==",
      "license": "MIT",
      "dependencies": {
        "filename-reserved-regex": "^3.0.0",
        "strip-outer": "^2.0.0",
        "trim-repeated": "^2.0.0"
      },
      "engines": {
        "node": ">=12.20"
      },
      "funding": {
        "url": "https://github.com/sponsors/sindresorhus"
      }
    },
    "node_modules/follow-redirects": {
      "version": "1.14.7",
      "resolved": "https://registry.npmmirror.com/follow-redirects/download/follow-redirects-1.14.7.tgz",
      "integrity": "sha512-+hbxoLbFMbRKDwohX8GkTataGqO6Jb7jGwpAlwgy2bIz25XtRm7KEzJM76R1WiNT5SwZkX4Y75SwBolkpmE7iQ==",
      "funding": [
        {
          "type": "individual",
          "url": "https://github.com/sponsors/RubenVerborgh"
        }
      ],
      "license": "MIT",
      "engines": {
        "node": ">=4.0"
      },
      "peerDependenciesMeta": {
        "debug": {
          "optional": true
        }
      }
    },
    "node_modules/fs-constants": {
      "version": "1.0.0",
      "resolved": "https://registry.npm.taobao.org/fs-constants/download/fs-constants-1.0.0.tgz",
      "integrity": "sha1-a+Dem+mYzhavivwkSXue6bfM2a0=",
      "license": "MIT"
    },
    "node_modules/gauge": {
      "version": "2.7.4",
      "resolved": "https://registry.npmmirror.com/gauge/download/gauge-2.7.4.tgz",
      "integrity": "sha1-LANAXHU4w51+s3sxcCLjJfsBi/c=",
      "license": "ISC",
      "dependencies": {
        "aproba": "^1.0.3",
        "console-control-strings": "^1.0.0",
        "has-unicode": "^2.0.0",
        "object-assign": "^4.1.0",
        "signal-exit": "^3.0.0",
        "string-width": "^1.0.1",
        "strip-ansi": "^3.0.1",
        "wide-align": "^1.1.0"
      }
    },
    "node_modules/github-from-package": {
      "version": "0.0.0",
      "resolved": "https://registry.npmmirror.com/github-from-package/download/github-from-package-0.0.0.tgz",
      "integrity": "sha1-l/tdlr/eiXMxPyDoKI75oWf6ZM4=",
      "license": "MIT"
    },
    "node_modules/has-unicode": {
      "version": "2.0.1",
      "resolved": "https://registry.npm.taobao.org/has-unicode/download/has-unicode-2.0.1.tgz",
      "integrity": "sha1-4Ob+aijPUROIVeCG0Wkedx3iqLk=",
      "license": "ISC"
    },
    "node_modules/htmlparser2": {
      "version": "6.1.0",
      "resolved": "https://registry.npmmirror.com/htmlparser2/download/htmlparser2-6.1.0.tgz?cache=0&sync_timestamp=1636640933377&other_urls=https%3A%2F%2Fregistry.npmmirror.com%2Fhtmlparser2%2Fdownload%2Fhtmlparser2-6.1.0.tgz",
      "integrity": "sha1-xNditsM3GgXb5l6UrkOp+EX7j7c=",
      "funding": [
        "https://github.com/fb55/htmlparser2?sponsor=1",
        {
          "type": "github",
          "url": "https://github.com/sponsors/fb55"
        }
      ],
      "license": "MIT",
      "dependencies": {
        "domelementtype": "^2.0.1",
        "domhandler": "^4.0.0",
        "domutils": "^2.5.2",
        "entities": "^2.0.0"
      }
    },
    "node_modules/ieee754": {
      "version": "1.2.1",
      "resolved": "https://registry.npm.taobao.org/ieee754/download/ieee754-1.2.1.tgz?cache=0&sync_timestamp=1603838208740&other_urls=https%3A%2F%2Fregistry.npm.taobao.org%2Fieee754%2Fdownload%2Fieee754-1.2.1.tgz",
      "integrity": "sha1-jrehCmP/8l0VpXsAFYbRd9Gw01I=",
      "funding": [
        {
          "type": "github",
          "url": "https://github.com/sponsors/feross"
        },
        {
          "type": "patreon",
          "url": "https://www.patreon.com/feross"
        },
        {
          "type": "consulting",
          "url": "https://feross.org/support"
        }
      ],
      "license": "BSD-3-Clause"
    },
    "node_modules/image-size": {
      "version": "1.0.1",
      "resolved": "https://registry.npmmirror.com/image-size/-/image-size-1.0.1.tgz",
      "integrity": "sha512-VAwkvNSNGClRw9mDHhc5Efax8PLlsOGcUTh0T/LIriC8vPA3U5PdqXWqkz406MoYHMKW8Uf9gWr05T/rYB44kQ==",
      "license": "MIT",
      "dependencies": {
        "queue": "6.0.2"
      },
      "bin": {
        "image-size": "bin/image-size.js"
      },
      "engines": {
        "node": ">=12.0.0"
      }
    },
    "node_modules/inherits": {
      "version": "2.0.4",
      "resolved": "https://registry.npm.taobao.org/inherits/download/inherits-2.0.4.tgz",
      "integrity": "sha1-D6LGT5MpF8NDOg3tVTY6rjdBa3w=",
      "license": "ISC"
    },
    "node_modules/ini": {
      "version": "1.3.8",
      "resolved": "https://registry.npm.taobao.org/ini/download/ini-1.3.8.tgz?cache=0&sync_timestamp=1607907834147&other_urls=https%3A%2F%2Fregistry.npm.taobao.org%2Fini%2Fdownload%2Fini-1.3.8.tgz",
      "integrity": "sha1-op2kJbSIBvNHZ6Tvzjlyaa8oQyw=",
      "license": "ISC"
    },
    "node_modules/is-arrayish": {
      "version": "0.3.2",
      "resolved": "https://registry.npm.taobao.org/is-arrayish/download/is-arrayish-0.3.2.tgz",
      "integrity": "sha1-RXSirlb3qyBolvtDHq7tBm/fjwM=",
      "license": "MIT"
    },
    "node_modules/is-fullwidth-code-point": {
      "version": "1.0.0",
      "resolved": "https://registry.npm.taobao.org/is-fullwidth-code-point/download/is-fullwidth-code-point-1.0.0.tgz?cache=0&sync_timestamp=1618552489864&other_urls=https%3A%2F%2Fregistry.npm.taobao.org%2Fis-fullwidth-code-point%2Fdownload%2Fis-fullwidth-code-point-1.0.0.tgz",
      "integrity": "sha1-754xOG8DGn8NZDr4L95QxFfvAMs=",
      "license": "MIT",
      "dependencies": {
        "number-is-nan": "^1.0.0"
      },
      "engines": {
        "node": ">=0.10.0"
      }
    },
    "node_modules/isarray": {
      "version": "1.0.0",
      "resolved": "https://registry.npmmirror.com/isarray/download/isarray-1.0.0.tgz",
      "integrity": "sha512-VLghIWNM6ELQzo7zwmcg0NmTVyWKYjvIeM83yjp0wRDTmUnrM678fQbcKBo6n2CJEF0szoG//ytg+TKla89ALQ==",
      "license": "MIT"
    },
    "node_modules/lru-cache": {
      "version": "6.0.0",
      "resolved": "https://registry.npm.taobao.org/lru-cache/download/lru-cache-6.0.0.tgz?cache=0&sync_timestamp=1599054167787&other_urls=https%3A%2F%2Fregistry.npm.taobao.org%2Flru-cache%2Fdownload%2Flru-cache-6.0.0.tgz",
      "integrity": "sha1-bW/mVw69lqr5D8rR2vo7JWbbOpQ=",
      "license": "ISC",
      "dependencies": {
        "yallist": "^4.0.0"
      },
      "engines": {
        "node": ">=10"
      }
    },
    "node_modules/mimic-response": {
      "version": "3.1.0",
      "resolved": "https://registry.nlark.com/mimic-response/download/mimic-response-3.1.0.tgz?cache=0&sync_timestamp=1628692524926&other_urls=https%3A%2F%2Fregistry.nlark.com%2Fmimic-response%2Fdownload%2Fmimic-response-3.1.0.tgz",
      "integrity": "sha1-LR1Zr5wbEpgVrMwsRqAipc4fo8k=",
      "license": "MIT",
      "engines": {
        "node": ">=10"
      },
      "funding": {
        "url": "https://github.com/sponsors/sindresorhus"
      }
    },
    "node_modules/minimist": {
      "version": "1.2.5",
      "resolved": "https://registry.npm.taobao.org/minimist/download/minimist-1.2.5.tgz",
      "integrity": "sha1-Z9ZgFLZqaoqqDAg8X9WN9OTpdgI=",
      "license": "MIT"
    },
    "node_modules/mkdirp-classic": {
      "version": "0.5.3",
      "resolved": "https://registry.npm.taobao.org/mkdirp-classic/download/mkdirp-classic-0.5.3.tgz",
      "integrity": "sha1-+hDJEVzG2IZb4iG6R+6b7XhgERM=",
      "license": "MIT"
    },
    "node_modules/napi-build-utils": {
      "version": "1.0.2",
      "resolved": "https://registry.npm.taobao.org/napi-build-utils/download/napi-build-utils-1.0.2.tgz",
      "integrity": "sha1-sf3cCyxG44Cgt6dvmE3UfEGhOAY=",
      "license": "MIT"
    },
    "node_modules/node-abi": {
      "version": "3.5.0",
      "resolved": "https://registry.npmmirror.com/node-abi/download/node-abi-3.5.0.tgz?cache=0&sync_timestamp=1637029282857&other_urls=https%3A%2F%2Fregistry.npmmirror.com%2Fnode-abi%2Fdownload%2Fnode-abi-3.5.0.tgz",
      "integrity": "sha512-LtHvNIBgOy5mO8mPEUtkCW/YCRWYEKshIvqhe1GHHyXEHEB5mgICyYnAcl4qan3uFeRROErKGzatFHPf6kDxWw==",
      "license": "MIT",
      "dependencies": {
        "semver": "^7.3.5"
      },
      "engines": {
        "node": ">=10"
      }
    },
    "node_modules/node-addon-api": {
      "version": "4.2.0",
      "resolved": "https://registry.nlark.com/node-addon-api/download/node-addon-api-4.2.0.tgz",
      "integrity": "sha1-EXy7WpWd/wmS4cWGrgOTVz5NKoc=",
      "license": "MIT"
    },
    "node_modules/npmlog": {
      "version": "4.1.2",
      "resolved": "https://registry.npmmirror.com/npmlog/download/npmlog-4.1.2.tgz?cache=0&sync_timestamp=1637084951649&other_urls=https%3A%2F%2Fregistry.npmmirror.com%2Fnpmlog%2Fdownload%2Fnpmlog-4.1.2.tgz",
      "integrity": "sha1-CKfyqL9zRgR3mp76StXMcXq7lUs=",
      "license": "ISC",
      "dependencies": {
        "are-we-there-yet": "~1.1.2",
        "console-control-strings": "~1.1.0",
        "gauge": "~2.7.3",
        "set-blocking": "~2.0.0"
      }
    },
    "node_modules/nth-check": {
      "version": "2.0.1",
      "resolved": "https://registry.nlark.com/nth-check/download/nth-check-2.0.1.tgz?cache=0&sync_timestamp=1631793617973&other_urls=https%3A%2F%2Fregistry.nlark.com%2Fnth-check%2Fdownload%2Fnth-check-2.0.1.tgz",
      "integrity": "sha1-Lv4WL1w9oGoolZ+9PbddvuqfD8I=",
      "license": "BSD-2-Clause",
      "dependencies": {
        "boolbase": "^1.0.0"
      },
      "funding": {
        "url": "https://github.com/fb55/nth-check?sponsor=1"
      }
    },
    "node_modules/number-is-nan": {
      "version": "1.0.1",
      "resolved": "https://registry.npmmirror.com/number-is-nan/download/number-is-nan-1.0.1.tgz",
      "integrity": "sha1-CXtgK1NCKlIsGvuHkDGDNpQaAR0=",
      "license": "MIT",
      "engines": {
        "node": ">=0.10.0"
      }
    },
    "node_modules/object-assign": {
      "version": "4.1.1",
      "resolved": "https://registry.npm.taobao.org/object-assign/download/object-assign-4.1.1.tgz",
      "integrity": "sha1-IQmtx5ZYh8/AXLvUQsrIv7s2CGM=",
      "license": "MIT",
      "engines": {
        "node": ">=0.10.0"
      }
    },
    "node_modules/once": {
      "version": "1.4.0",
      "resolved": "https://registry.npm.taobao.org/once/download/once-1.4.0.tgz",
      "integrity": "sha1-WDsap3WWHUsROsF9nFC6753Xa9E=",
      "license": "ISC",
      "dependencies": {
        "wrappy": "1"
      }
    },
    "node_modules/parse5": {
      "version": "6.0.1",
      "resolved": "https://registry.npm.taobao.org/parse5/download/parse5-6.0.1.tgz",
      "integrity": "sha1-4aHAhcVps9wIMhGE8Zo5zCf3wws=",
      "license": "MIT"
    },
    "node_modules/parse5-htmlparser2-tree-adapter": {
      "version": "6.0.1",
      "resolved": "https://registry.npmmirror.com/parse5-htmlparser2-tree-adapter/download/parse5-htmlparser2-tree-adapter-6.0.1.tgz",
      "integrity": "sha1-LN+a2CMyEUA3DU2/XT6Sx8jdxuY=",
      "license": "MIT",
      "dependencies": {
        "parse5": "^6.0.1"
      }
    },
    "node_modules/prebuild-install": {
      "version": "7.0.0",
      "resolved": "https://registry.npmmirror.com/prebuild-install/download/prebuild-install-7.0.0.tgz",
      "integrity": "sha512-IvSenf33K7JcgddNz2D5w521EgO+4aMMjFt73Uk9FRzQ7P+QZPKrp7qPsDydsSwjGt3T5xRNnM1bj1zMTD5fTA==",
      "license": "MIT",
      "dependencies": {
        "detect-libc": "^1.0.3",
        "expand-template": "^2.0.3",
        "github-from-package": "0.0.0",
        "minimist": "^1.2.3",
        "mkdirp-classic": "^0.5.3",
        "napi-build-utils": "^1.0.1",
        "node-abi": "^3.3.0",
        "npmlog": "^4.0.1",
        "pump": "^3.0.0",
        "rc": "^1.2.7",
        "simple-get": "^4.0.0",
        "tar-fs": "^2.0.0",
        "tunnel-agent": "^0.6.0"
      },
      "bin": {
        "prebuild-install": "bin.js"
      },
      "engines": {
        "node": ">=10"
      }
    },
    "node_modules/process-nextick-args": {
      "version": "2.0.1",
      "resolved": "https://registry.npm.taobao.org/process-nextick-args/download/process-nextick-args-2.0.1.tgz",
      "integrity": "sha1-eCDZsWEgzFXKmud5JoCufbptf+I=",
      "license": "MIT"
    },
    "node_modules/pump": {
      "version": "3.0.0",
      "resolved": "https://registry.npm.taobao.org/pump/download/pump-3.0.0.tgz",
      "integrity": "sha1-tKIRaBW94vTh6mAjVOjHVWUQemQ=",
      "license": "MIT",
      "dependencies": {
        "end-of-stream": "^1.1.0",
        "once": "^1.3.1"
      }
    },
    "node_modules/punycode": {
      "version": "1.3.2",
      "resolved": "https://registry.npm.taobao.org/punycode/download/punycode-1.3.2.tgz",
      "integrity": "sha1-llOgNvt8HuQjQvIyXM7v6jkmxI0=",
      "license": "MIT"
    },
    "node_modules/querystring": {
      "version": "0.2.0",
      "resolved": "https://registry.npmmirror.com/querystring/download/querystring-0.2.0.tgz",
      "integrity": "sha512-X/xY82scca2tau62i9mDyU9K+I+djTMUsvwf7xnUX5GLvVzgJybOJf4Y6o9Zx3oJK/LSXg5tTZBjwzqVPaPO2g==",
      "engines": {
        "node": ">=0.4.x"
      }
    },
    "node_modules/queue": {
      "version": "6.0.2",
      "resolved": "https://registry.npmmirror.com/queue/-/queue-6.0.2.tgz",
      "integrity": "sha512-iHZWu+q3IdFZFX36ro/lKBkSvfkztY5Y7HMiPlOUjhupPcG2JMfst2KKEpu5XndviX/3UhFbRngUPNKtgvtZiA==",
      "license": "MIT",
      "dependencies": {
        "inherits": "~2.0.3"
      }
    },
    "node_modules/rc": {
      "version": "1.2.8",
      "resolved": "https://registry.npm.taobao.org/rc/download/rc-1.2.8.tgz",
      "integrity": "sha1-zZJL9SAKB1uDwYjNa54hG3/A0+0=",
      "license": "(BSD-2-Clause OR MIT OR Apache-2.0)",
      "dependencies": {
        "deep-extend": "^0.6.0",
        "ini": "~1.3.0",
        "minimist": "^1.2.0",
        "strip-json-comments": "~2.0.1"
      },
      "bin": {
        "rc": "cli.js"
      }
    },
    "node_modules/readable-stream": {
      "version": "2.3.7",
      "resolved": "https://registry.npm.taobao.org/readable-stream/download/readable-stream-2.3.7.tgz",
      "integrity": "sha1-Hsoc9xGu+BTAT2IlKjamL2yyO1c=",
      "license": "MIT",
      "dependencies": {
        "core-util-is": "~1.0.0",
        "inherits": "~2.0.3",
        "isarray": "~1.0.0",
        "process-nextick-args": "~2.0.0",
        "safe-buffer": "~5.1.1",
        "string_decoder": "~1.1.1",
        "util-deprecate": "~1.0.1"
      }
    },
    "node_modules/safe-buffer": {
      "version": "5.1.2",
      "resolved": "https://registry.nlark.com/safe-buffer/download/safe-buffer-5.1.2.tgz",
      "integrity": "sha1-mR7GnSluAxN0fVm9/St0XDX4go0=",
      "license": "MIT"
    },
    "node_modules/semver": {
      "version": "7.3.5",
      "resolved": "https://registry.npm.taobao.org/semver/download/semver-7.3.5.tgz",
      "integrity": "sha1-C2Ich5NI2JmOSw5L6Us/EuYBjvc=",
      "license": "ISC",
      "dependencies": {
        "lru-cache": "^6.0.0"
      },
      "bin": {
        "semver": "bin/semver.js"
      },
      "engines": {
        "node": ">=10"
      }
    },
    "node_modules/set-blocking": {
      "version": "2.0.0",
      "resolved": "https://registry.npm.taobao.org/set-blocking/download/set-blocking-2.0.0.tgz",
      "integrity": "sha1-BF+XgtARrppoA93TgrJDkrPYkPc=",
      "license": "ISC"
    },
    "node_modules/sharp": {
      "version": "0.29.3",
      "resolved": "https://registry.npmmirror.com/sharp/download/sharp-0.29.3.tgz",
      "integrity": "sha512-fKWUuOw77E4nhpyzCCJR1ayrttHoFHBT2U/kR/qEMRhvPEcluG4BKj324+SCO1e84+knXHwhJ1HHJGnUt4ElGA==",
      "hasInstallScript": true,
      "license": "Apache-2.0",
      "dependencies": {
        "color": "^4.0.1",
        "detect-libc": "^1.0.3",
        "node-addon-api": "^4.2.0",
        "prebuild-install": "^7.0.0",
        "semver": "^7.3.5",
        "simple-get": "^4.0.0",
        "tar-fs": "^2.1.1",
        "tunnel-agent": "^0.6.0"
      },
      "engines": {
        "node": ">=12.13.0"
      },
      "funding": {
        "url": "https://opencollective.com/libvips"
      }
    },
    "node_modules/signal-exit": {
      "version": "3.0.6",
      "resolved": "https://registry.npmmirror.com/signal-exit/download/signal-exit-3.0.6.tgz",
      "integrity": "sha512-sDl4qMFpijcGw22U5w63KmD3cZJfBuFlVNbVMKje2keoKML7X2UzWbc4XrmEbDwg0NXJc3yv4/ox7b+JWb57kQ==",
      "license": "ISC"
    },
    "node_modules/simple-concat": {
      "version": "1.0.1",
      "resolved": "https://registry.npm.taobao.org/simple-concat/download/simple-concat-1.0.1.tgz",
      "integrity": "sha1-9Gl2CCujXCJj8cirXt/ibEHJVS8=",
      "funding": [
        {
          "type": "github",
          "url": "https://github.com/sponsors/feross"
        },
        {
          "type": "patreon",
          "url": "https://www.patreon.com/feross"
        },
        {
          "type": "consulting",
          "url": "https://feross.org/support"
        }
      ],
      "license": "MIT"
    },
    "node_modules/simple-get": {
      "version": "4.0.0",
      "resolved": "https://registry.npm.taobao.org/simple-get/download/simple-get-4.0.0.tgz",
      "integrity": "sha1-c/pignjSHeg9rdVRLSzB9Icr1nU=",
      "funding": [
        {
          "type": "github",
          "url": "https://github.com/sponsors/feross"
        },
        {
          "type": "patreon",
          "url": "https://www.patreon.com/feross"
        },
        {
          "type": "consulting",
          "url": "https://feross.org/support"
        }
      ],
      "license": "MIT",
      "dependencies": {
        "decompress-response": "^6.0.0",
        "once": "^1.3.1",
        "simple-concat": "^1.0.0"
      }
    },
    "node_modules/simple-swizzle": {
      "version": "0.2.2",
      "resolved": "https://registry.npmmirror.com/simple-swizzle/download/simple-swizzle-0.2.2.tgz",
      "integrity": "sha1-pNprY1/8zMoz9w0Xy5JZLeleVXo=",
      "license": "MIT",
      "dependencies": {
        "is-arrayish": "^0.3.1"
      }
    },
    "node_modules/string_decoder": {
      "version": "1.1.1",
      "resolved": "https://registry.npm.taobao.org/string_decoder/download/string_decoder-1.1.1.tgz",
      "integrity": "sha1-nPFhG6YmhdcDCunkujQUnDrwP8g=",
      "license": "MIT",
      "dependencies": {
        "safe-buffer": "~5.1.0"
      }
    },
    "node_modules/string-width": {
      "version": "1.0.2",
      "resolved": "https://registry.npmmirror.com/string-width/download/string-width-1.0.2.tgz",
      "integrity": "sha1-EYvfW4zcUaKn5w0hHgfisLmxB9M=",
      "license": "MIT",
      "dependencies": {
        "code-point-at": "^1.0.0",
        "is-fullwidth-code-point": "^1.0.0",
        "strip-ansi": "^3.0.0"
      },
      "engines": {
        "node": ">=0.10.0"
      }
    },
    "node_modules/strip-ansi": {
      "version": "3.0.1",
      "resolved": "https://registry.npmmirror.com/strip-ansi/download/strip-ansi-3.0.1.tgz",
      "integrity": "sha1-ajhfuIU9lS1f8F0Oiq+UJ43GPc8=",
      "license": "MIT",
      "dependencies": {
        "ansi-regex": "^2.0.0"
      },
      "engines": {
        "node": ">=0.10.0"
      }
    },
    "node_modules/strip-json-comments": {
      "version": "2.0.1",
      "resolved": "https://registry.nlark.com/strip-json-comments/download/strip-json-comments-2.0.1.tgz",
      "integrity": "sha1-PFMZQukIwml8DsNEhYwobHygpgo=",
      "license": "MIT",
      "engines": {
        "node": ">=0.10.0"
      }
    },
    "node_modules/strip-outer": {
      "version": "2.0.0",
      "resolved": "https://registry.nlark.com/strip-outer/download/strip-outer-2.0.0.tgz",
      "integrity": "sha1-xFxyTtmx/2vl9mBQN5FAT0cUCEs=",
      "license": "MIT",
      "engines": {
        "node": "^12.20.0 || ^14.13.1 || >=16.0.0"
      },
      "funding": {
        "url": "https://github.com/sponsors/sindresorhus"
      }
    },
    "node_modules/tar-fs": {
      "version": "2.1.1",
      "resolved": "https://registry.npm.taobao.org/tar-fs/download/tar-fs-2.1.1.tgz?cache=0&sync_timestamp=1604688371221&other_urls=https%3A%2F%2Fregistry.npm.taobao.org%2Ftar-fs%2Fdownload%2Ftar-fs-2.1.1.tgz",
      "integrity": "sha1-SJoVq4Xx8L76uzcLfeT561y+h4Q=",
      "license": "MIT",
      "dependencies": {
        "chownr": "^1.1.1",
        "mkdirp-classic": "^0.5.2",
        "pump": "^3.0.0",
        "tar-stream": "^2.1.4"
      }
    },
    "node_modules/tar-stream": {
      "version": "2.2.0",
      "resolved": "https://registry.npm.taobao.org/tar-stream/download/tar-stream-2.2.0.tgz?cache=0&sync_timestamp=1609236328947&other_urls=https%3A%2F%2Fregistry.npm.taobao.org%2Ftar-stream%2Fdownload%2Ftar-stream-2.2.0.tgz",
      "integrity": "sha1-rK2EwoQTawYNw/qmRHSqmuvXcoc=",
      "license": "MIT",
      "dependencies": {
        "bl": "^4.0.3",
        "end-of-stream": "^1.4.1",
        "fs-constants": "^1.0.0",
        "inherits": "^2.0.3",
        "readable-stream": "^3.1.1"
      },
      "engines": {
        "node": ">=6"
      }
    },
    "node_modules/tar-stream/node_modules/readable-stream": {
      "version": "3.6.0",
      "resolved": "https://registry.npm.taobao.org/readable-stream/download/readable-stream-3.6.0.tgz",
      "integrity": "sha1-M3u9o63AcGvT4CRCaihtS0sskZg=",
      "license": "MIT",
      "dependencies": {
        "inherits": "^2.0.3",
        "string_decoder": "^1.1.1",
        "util-deprecate": "^1.0.1"
      },
      "engines": {
        "node": ">= 6"
      }
    },
    "node_modules/trim-repeated": {
      "version": "2.0.0",
      "resolved": "https://registry.nlark.com/trim-repeated/download/trim-repeated-2.0.0.tgz?cache=0&sync_timestamp=1619005444026&other_urls=https%3A%2F%2Fregistry.nlark.com%2Ftrim-repeated%2Fdownload%2Ftrim-repeated-2.0.0.tgz",
      "integrity": "sha1-XWBVbW1A2UYbfH4Gw6wgtrHVAJA=",
      "license": "MIT",
      "dependencies": {
        "escape-string-regexp": "^5.0.0"
      },
      "engines": {
        "node": ">=12"
      }
    },
    "node_modules/tslib": {
      "version": "2.3.1",
      "resolved": "https://registry.npmmirror.com/tslib/download/tslib-2.3.1.tgz",
      "integrity": "sha512-77EbyPPpMz+FRFRuAFlWMtmgUWGe9UOG2Z25NqCwiIjRhOf5iKGuzSe5P2w1laq+FkRy4p+PCuVkJSGkzTEKVw==",
      "license": "0BSD"
    },
    "node_modules/tunnel-agent": {
      "version": "0.6.0",
      "resolved": "https://registry.npm.taobao.org/tunnel-agent/download/tunnel-agent-0.6.0.tgz",
      "integrity": "sha1-J6XeoGs2sEoKmWZ3SykIaPD8QP0=",
      "license": "Apache-2.0",
      "dependencies": {
        "safe-buffer": "^5.0.1"
      },
      "engines": {
        "node": "*"
      }
    },
    "node_modules/url": {
      "version": "0.11.0",
      "resolved": "https://registry.npmmirror.com/url/download/url-0.11.0.tgz",
      "integrity": "sha512-kbailJa29QrtXnxgq+DdCEGlbTeYM2eJUxsz6vjZavrCYPMIFHMKQmSKYAIuUK2i7hgPm28a8piX5NTUtM/LKQ==",
      "license": "MIT",
      "dependencies": {
        "punycode": "1.3.2",
        "querystring": "0.2.0"
      }
    },
    "node_modules/util-deprecate": {
      "version": "1.0.2",
      "resolved": "https://registry.npm.taobao.org/util-deprecate/download/util-deprecate-1.0.2.tgz",
      "integrity": "sha1-RQ1Nyfpw3nMnYvvS1KKJgUGaDM8=",
      "license": "MIT"
    },
    "node_modules/wide-align": {
      "version": "1.1.5",
      "resolved": "https://registry.npmmirror.com/wide-align/download/wide-align-1.1.5.tgz?cache=0&sync_timestamp=1634307502489&other_urls=https%3A%2F%2Fregistry.npmmirror.com%2Fwide-align%2Fdownload%2Fwide-align-1.1.5.tgz",
      "integrity": "sha1-3x1MIGhUNp7PPJpImPGyP72dFdM=",
      "license": "ISC",
      "dependencies": {
        "string-width": "^1.0.2 || 2 || 3 || 4"
      }
    },
    "node_modules/wrappy": {
      "version": "1.0.2",
      "resolved": "https://registry.nlark.com/wrappy/download/wrappy-1.0.2.tgz?cache=0&sync_timestamp=1619133505879&other_urls=https%3A%2F%2Fregistry.nlark.com%2Fwrappy%2Fdownload%2Fwrappy-1.0.2.tgz",
      "integrity": "sha1-tSQ9jz7BqjXxNkYFvA0QNuMKtp8=",
      "license": "ISC"
    },
    "node_modules/yallist": {
      "version": "4.0.0",
      "resolved": "https://registry.npm.taobao.org/yallist/download/yallist-4.0.0.tgz",
      "integrity": "sha1-m7knkNnA7/7GO+c1GeEaNQGaOnI=",
      "license": "ISC"
    }
  }
}
